
Microsoft Visual Studio Solution File, Format Version 12.00
# Visual Studio Version 16
VisualStudioVersion = 16.0.30128.74
MinimumVisualStudioVersion = 10.0.40219.1
Project("{9A19103F-16F7-4668-BE54-9A1E7A4F7556}") = "NannyApi", "NannyApi\NannyApi.csproj", "{F7C165AD-8D39-4D65-A526-FF03D27782D2}"
EndProject
Project("{FAE04EC0-301F-11D3-BF4B-00C04F79EFBC}") = "NannyApiTests", "NannyApiTests\NannyApiTests.csproj", "{402C915C-D069-403B-9D08-63273BD53BF0}"
EndProject
Global
	GlobalSection(SolutionConfigurationPlatforms) = preSolution
		Debug|Any CPU = Debug|Any CPU
		Release|Any CPU = Release|Any CPU
	EndGlobalSection
	GlobalSection(ProjectConfigurationPlatforms) = postSolution
		{F7C165AD-8D39-4D65-A526-FF03D27782D2}.Debug|Any CPU.ActiveCfg = Debug|Any CPU
		{F7C165AD-8D39-4D65-A526-FF03D27782D2}.Debug|Any CPU.Build.0 = Debug|Any CPU
		{F7C165AD-8D39-4D65-A526-FF03D27782D2}.Release|Any CPU.ActiveCfg = Release|Any CPU
		{F7C165AD-8D39-4D65-A526-FF03D27782D2}.Release|Any CPU.Build.0 = Release|Any CPU
		{402C915C-D069-403B-9D08-63273BD53BF0}.Debug|Any CPU.ActiveCfg = Debug|Any CPU
		{402C915C-D069-403B-9D08-63273BD53BF0}.Debug|Any CPU.Build.0 = Debug|Any CPU
		{402C915C-D069-403B-9D08-63273BD53BF0}.Release|Any CPU.ActiveCfg = Release|Any CPU
		{402C915C-D069-403B-9D08-63273BD53BF0}.Release|Any CPU.Build.0 = Release|Any CPU
	EndGlobalSection
	GlobalSection(SolutionProperties) = preSolution
		HideSolutionNode = FALSE
	EndGlobalSection
	GlobalSection(ExtensibilityGlobals) = postSolution
		SolutionGuid = {3CCD584C-1A01-40D4-93FC-6A59177A4AC4}
	EndGlobalSection
EndGlobal
